
Microsoft Visual Studio Solution File, Format Version 12.00
# Visual Studio Version 16
VisualStudioVersion = 16.0.31321.278
MinimumVisualStudioVersion = 10.0.40219.1
Project("{FAE04EC0-301F-11D3-BF4B-00C04F79EFBC}") = "Euler1MultiplesOf3And5", "Euler1MultiplesOf3And5\Euler1MultiplesOf3And5.csproj", "{E087206C-E727-4C13-8B4D-62B777B0BFD2}"
EndProject
Project("{FAE04EC0-301F-11D3-BF4B-00C04F79EFBC}") = "Euler2EvenFibonacciNumbers", "Euler2EvenFibonacciNumbers\Euler2EvenFibonacciNumbers.csproj", "{9B9BAC0C-1CDF-42F7-B7C4-BD97B3334A4B}"
EndProject
Project("{FAE04EC0-301F-11D3-BF4B-00C04F79EFBC}") = "EulerGeneralLibrary", "EulerGeneralLibrary\EulerGeneralLibrary.csproj", "{0E123D7F-C6C3-4A1A-B005-1D10B6CCFA57}"
EndProject
Project("{FAE04EC0-301F-11D3-BF4B-00C04F79EFBC}") = "Euler3LargestPrimeFactor", "Euler3LargestPrimeFactor\Euler3LargestPrimeFactor.csproj", "{10C07983-0FA4-4F3A-955F-3DABF0F9638B}"
EndProject
Project("{FAE04EC0-301F-11D3-BF4B-00C04F79EFBC}") = "Euler4LargestPalindromeProduct", "Euler4LargestPalindromeProduct\Euler4LargestPalindromeProduct.csproj", "{7D1F497B-A3C6-4BAC-A0DC-730F182A2C21}"
EndProject
Project("{FAE04EC0-301F-11D3-BF4B-00C04F79EFBC}") = "Euler5SmallestMultiple", "Euler5SmallestMultiple\Euler5SmallestMultiple.csproj", "{B74BFC09-C37D-4932-8DB0-085122710D94}"
EndProject
Project("{FAE04EC0-301F-11D3-BF4B-00C04F79EFBC}") = "Euler6SumSquareDifference", "Euler6SumSquareDifference\Euler6SumSquareDifference.csproj", "{874B51E8-6EBC-4D3C-8BF8-7F7A41C3A554}"
EndProject
Project("{FAE04EC0-301F-11D3-BF4B-00C04F79EFBC}") = "Euler7_10001stPrime", "Euler7_10001stPrime\Euler7_10001stPrime.csproj", "{D53F4854-ACA0-4617-8461-D7D8B6396910}"
EndProject
Global
	GlobalSection(SolutionConfigurationPlatforms) = preSolution
		Debug|Any CPU = Debug|Any CPU
		Debug|ARM = Debug|ARM
		Debug|ARM64 = Debug|ARM64
		Debug|x64 = Debug|x64
		Debug|x86 = Debug|x86
		Release|Any CPU = Release|Any CPU
		Release|ARM = Release|ARM
		Release|ARM64 = Release|ARM64
		Release|x64 = Release|x64
		Release|x86 = Release|x86
	EndGlobalSection
	GlobalSection(ProjectConfigurationPlatforms) = postSolution
		{E087206C-E727-4C13-8B4D-62B777B0BFD2}.Debug|Any CPU.ActiveCfg = Debug|Any CPU
		{E087206C-E727-4C13-8B4D-62B777B0BFD2}.Debug|Any CPU.Build.0 = Debug|Any CPU
		{E087206C-E727-4C13-8B4D-62B777B0BFD2}.Debug|ARM.ActiveCfg = Debug|Any CPU
		{E087206C-E727-4C13-8B4D-62B777B0BFD2}.Debug|ARM.Build.0 = Debug|Any CPU
		{E087206C-E727-4C13-8B4D-62B777B0BFD2}.Debug|ARM64.ActiveCfg = Debug|Any CPU
		{E087206C-E727-4C13-8B4D-62B777B0BFD2}.Debug|ARM64.Build.0 = Debug|Any CPU
		{E087206C-E727-4C13-8B4D-62B777B0BFD2}.Debug|x64.ActiveCfg = Debug|Any CPU
		{E087206C-E727-4C13-8B4D-62B777B0BFD2}.Debug|x64.Build.0 = Debug|Any CPU
		{E087206C-E727-4C13-8B4D-62B777B0BFD2}.Debug|x86.ActiveCfg = Debug|Any CPU
		{E087206C-E727-4C13-8B4D-62B777B0BFD2}.Debug|x86.Build.0 = Debug|Any CPU
		{E087206C-E727-4C13-8B4D-62B777B0BFD2}.Release|Any CPU.ActiveCfg = Release|Any CPU
		{E087206C-E727-4C13-8B4D-62B777B0BFD2}.Release|Any CPU.Build.0 = Release|Any CPU
		{E087206C-E727-4C13-8B4D-62B777B0BFD2}.Release|ARM.ActiveCfg = Release|Any CPU
		{E087206C-E727-4C13-8B4D-62B777B0BFD2}.Release|ARM.Build.0 = Release|Any CPU
		{E087206C-E727-4C13-8B4D-62B777B0BFD2}.Release|ARM64.ActiveCfg = Release|Any CPU
		{E087206C-E727-4C13-8B4D-62B777B0BFD2}.Release|ARM64.Build.0 = Release|Any CPU
		{E087206C-E727-4C13-8B4D-62B777B0BFD2}.Release|x64.ActiveCfg = Release|Any CPU
		{E087206C-E727-4C13-8B4D-62B777B0BFD2}.Release|x64.Build.0 = Release|Any CPU
		{E087206C-E727-4C13-8B4D-62B777B0BFD2}.Release|x86.ActiveCfg = Release|Any CPU
		{E087206C-E727-4C13-8B4D-62B777B0BFD2}.Release|x86.Build.0 = Release|Any CPU
		{9B9BAC0C-1CDF-42F7-B7C4-BD97B3334A4B}.Debug|Any CPU.ActiveCfg = Debug|Any CPU
		{9B9BAC0C-1CDF-42F7-B7C4-BD97B3334A4B}.Debug|Any CPU.Build.0 = Debug|Any CPU
		{9B9BAC0C-1CDF-42F7-B7C4-BD97B3334A4B}.Debug|ARM.ActiveCfg = Debug|Any CPU
		{9B9BAC0C-1CDF-42F7-B7C4-BD97B3334A4B}.Debug|ARM.Build.0 = Debug|Any CPU
		{9B9BAC0C-1CDF-42F7-B7C4-BD97B3334A4B}.Debug|ARM64.ActiveCfg = Debug|Any CPU
		{9B9BAC0C-1CDF-42F7-B7C4-BD97B3334A4B}.Debug|ARM64.Build.0 = Debug|Any CPU
		{9B9BAC0C-1CDF-42F7-B7C4-BD97B3334A4B}.Debug|x64.ActiveCfg = Debug|Any CPU
		{9B9BAC0C-1CDF-42F7-B7C4-BD97B3334A4B}.Debug|x64.Build.0 = Debug|Any CPU
		{9B9BAC0C-1CDF-42F7-B7C4-BD97B3334A4B}.Debug|x86.ActiveCfg = Debug|Any CPU
		{9B9BAC0C-1CDF-42F7-B7C4-BD97B3334A4B}.Debug|x86.Build.0 = Debug|Any CPU
		{9B9BAC0C-1CDF-42F7-B7C4-BD97B3334A4B}.Release|Any CPU.ActiveCfg = Release|Any CPU
		{9B9BAC0C-1CDF-42F7-B7C4-BD97B3334A4B}.Release|Any CPU.Build.0 = Release|Any CPU
		{9B9BAC0C-1CDF-42F7-B7C4-BD97B3334A4B}.Release|ARM.ActiveCfg = Release|Any CPU
		{9B9BAC0C-1CDF-42F7-B7C4-BD97B3334A4B}.Release|ARM.Build.0 = Release|Any CPU
		{9B9BAC0C-1CDF-42F7-B7C4-BD97B3334A4B}.Release|ARM64.ActiveCfg = Release|Any CPU
		{9B9BAC0C-1CDF-42F7-B7C4-BD97B3334A4B}.Release|ARM64.Build.0 = Release|Any CPU
		{9B9BAC0C-1CDF-42F7-B7C4-BD97B3334A4B}.Release|x64.ActiveCfg = Release|Any CPU
		{9B9BAC0C-1CDF-42F7-B7C4-BD97B3334A4B}.Release|x64.Build.0 = Release|Any CPU
		{9B9BAC0C-1CDF-42F7-B7C4-BD97B3334A4B}.Release|x86.ActiveCfg = Release|Any CPU
		{9B9BAC0C-1CDF-42F7-B7C4-BD97B3334A4B}.Release|x86.Build.0 = Release|Any CPU
		{0E123D7F-C6C3-4A1A-B005-1D10B6CCFA57}.Debug|Any CPU.ActiveCfg = Debug|Any CPU
		{0E123D7F-C6C3-4A1A-B005-1D10B6CCFA57}.Debug|Any CPU.Build.0 = Debug|Any CPU
		{0E123D7F-C6C3-4A1A-B005-1D10B6CCFA57}.Debug|ARM.ActiveCfg = Debug|Any CPU
		{0E123D7F-C6C3-4A1A-B005-1D10B6CCFA57}.Debug|ARM.Build.0 = Debug|Any CPU
		{0E123D7F-C6C3-4A1A-B005-1D10B6CCFA57}.Debug|ARM64.ActiveCfg = Debug|Any CPU
		{0E123D7F-C6C3-4A1A-B005-1D10B6CCFA57}.Debug|ARM64.Build.0 = Debug|Any CPU
		{0E123D7F-C6C3-4A1A-B005-1D10B6CCFA57}.Debug|x64.ActiveCfg = Debug|Any CPU
		{0E123D7F-C6C3-4A1A-B005-1D10B6CCFA57}.Debug|x64.Build.0 = Debug|Any CPU
		{0E123D7F-C6C3-4A1A-B005-1D10B6CCFA57}.Debug|x86.ActiveCfg = Debug|Any CPU
		{0E123D7F-C6C3-4A1A-B005-1D10B6CCFA57}.Debug|x86.Build.0 = Debug|Any CPU
		{0E123D7F-C6C3-4A1A-B005-1D10B6CCFA57}.Release|Any CPU.ActiveCfg = Release|Any CPU
		{0E123D7F-C6C3-4A1A-B005-1D10B6CCFA57}.Release|Any CPU.Build.0 = Release|Any CPU
		{0E123D7F-C6C3-4A1A-B005-1D10B6CCFA57}.Release|ARM.ActiveCfg = Release|Any CPU
		{0E123D7F-C6C3-4A1A-B005-1D10B6CCFA57}.Release|ARM.Build.0 = Release|Any CPU
		{0E123D7F-C6C3-4A1A-B005-1D10B6CCFA57}.Release|ARM64.ActiveCfg = Release|Any CPU
		{0E123D7F-C6C3-4A1A-B005-1D10B6CCFA57}.Release|ARM64.Build.0 = Release|Any CPU
		{0E123D7F-C6C3-4A1A-B005-1D10B6CCFA57}.Release|x64.ActiveCfg = Release|Any CPU
		{0E123D7F-C6C3-4A1A-B005-1D10B6CCFA57}.Release|x64.Build.0 = Release|Any CPU
		{0E123D7F-C6C3-4A1A-B005-1D10B6CCFA57}.Release|x86.ActiveCfg = Release|Any CPU
		{0E123D7F-C6C3-4A1A-B005-1D10B6CCFA57}.Release|x86.Build.0 = Release|Any CPU
		{10C07983-0FA4-4F3A-955F-3DABF0F9638B}.Debug|Any CPU.ActiveCfg = Debug|Any CPU
		{10C07983-0FA4-4F3A-955F-3DABF0F9638B}.Debug|Any CPU.Build.0 = Debug|Any CPU
		{10C07983-0FA4-4F3A-955F-3DABF0F9638B}.Debug|ARM.ActiveCfg = Debug|Any CPU
		{10C07983-0FA4-4F3A-955F-3DABF0F9638B}.Debug|ARM.Build.0 = Debug|Any CPU
		{10C07983-0FA4-4F3A-955F-3DABF0F9638B}.Debug|ARM64.ActiveCfg = Debug|Any CPU
		{10C07983-0FA4-4F3A-955F-3DABF0F9638B}.Debug|ARM64.Build.0 = Debug|Any CPU
		{10C07983-0FA4-4F3A-955F-3DABF0F9638B}.Debug|x64.ActiveCfg = Debug|Any CPU
		{10C07983-0FA4-4F3A-955F-3DABF0F9638B}.Debug|x64.Build.0 = Debug|Any CPU
		{10C07983-0FA4-4F3A-955F-3DABF0F9638B}.Debug|x86.ActiveCfg = Debug|Any CPU
		{10C07983-0FA4-4F3A-955F-3DABF0F9638B}.Debug|x86.Build.0 = Debug|Any CPU
		{10C07983-0FA4-4F3A-955F-3DABF0F9638B}.Release|Any CPU.ActiveCfg = Release|Any CPU
		{10C07983-0FA4-4F3A-955F-3DABF0F9638B}.Release|Any CPU.Build.0 = Release|Any CPU
		{10C07983-0FA4-4F3A-955F-3DABF0F9638B}.Release|ARM.ActiveCfg = Release|Any CPU
		{10C07983-0FA4-4F3A-955F-3DABF0F9638B}.Release|ARM.Build.0 = Release|Any CPU
		{10C07983-0FA4-4F3A-955F-3DABF0F9638B}.Release|ARM64.ActiveCfg = Release|Any CPU
		{10C07983-0FA4-4F3A-955F-3DABF0F9638B}.Release|ARM64.Build.0 = Release|Any CPU
		{10C07983-0FA4-4F3A-955F-3DABF0F9638B}.Release|x64.ActiveCfg = Release|Any CPU
		{10C07983-0FA4-4F3A-955F-3DABF0F9638B}.Release|x64.Build.0 = Release|Any CPU
		{10C07983-0FA4-4F3A-955F-3DABF0F9638B}.Release|x86.ActiveCfg = Release|Any CPU
		{10C07983-0FA4-4F3A-955F-3DABF0F9638B}.Release|x86.Build.0 = Release|Any CPU
		{7D1F497B-A3C6-4BAC-A0DC-730F182A2C21}.Debug|Any CPU.ActiveCfg = Debug|Any CPU
		{7D1F497B-A3C6-4BAC-A0DC-730F182A2C21}.Debug|Any CPU.Build.0 = Debug|Any CPU
		{7D1F497B-A3C6-4BAC-A0DC-730F182A2C21}.Debug|ARM.ActiveCfg = Debug|Any CPU
		{7D1F497B-A3C6-4BAC-A0DC-730F182A2C21}.Debug|ARM.Build.0 = Debug|Any CPU
		{7D1F497B-A3C6-4BAC-A0DC-730F182A2C21}.Debug|ARM64.ActiveCfg = Debug|Any CPU
		{7D1F497B-A3C6-4BAC-A0DC-730F182A2C21}.Debug|ARM64.Build.0 = Debug|Any CPU
		{7D1F497B-A3C6-4BAC-A0DC-730F182A2C21}.Debug|x64.ActiveCfg = Debug|Any CPU
		{7D1F497B-A3C6-4BAC-A0DC-730F182A2C21}.Debug|x64.Build.0 = Debug|Any CPU
		{7D1F497B-A3C6-4BAC-A0DC-730F182A2C21}.Debug|x86.ActiveCfg = Debug|Any CPU
		{7D1F497B-A3C6-4BAC-A0DC-730F182A2C21}.Debug|x86.Build.0 = Debug|Any CPU
		{7D1F497B-A3C6-4BAC-A0DC-730F182A2C21}.Release|Any CPU.ActiveCfg = Release|Any CPU
		{7D1F497B-A3C6-4BAC-A0DC-730F182A2C21}.Release|Any CPU.Build.0 = Release|Any CPU
		{7D1F497B-A3C6-4BAC-A0DC-730F182A2C21}.Release|ARM.ActiveCfg = Release|Any CPU
		{7D1F497B-A3C6-4BAC-A0DC-730F182A2C21}.Release|ARM.Build.0 = Release|Any CPU
		{7D1F497B-A3C6-4BAC-A0DC-730F182A2C21}.Release|ARM64.ActiveCfg = Release|Any CPU
		{7D1F497B-A3C6-4BAC-A0DC-730F182A2C21}.Release|ARM64.Build.0 = Release|Any CPU
		{7D1F497B-A3C6-4BAC-A0DC-730F182A2C21}.Release|x64.ActiveCfg = Release|Any CPU
		{7D1F497B-A3C6-4BAC-A0DC-730F182A2C21}.Release|x64.Build.0 = Release|Any CPU
		{7D1F497B-A3C6-4BAC-A0DC-730F182A2C21}.Release|x86.ActiveCfg = Release|Any CPU
		{7D1F497B-A3C6-4BAC-A0DC-730F182A2C21}.Release|x86.Build.0 = Release|Any CPU
		{B74BFC09-C37D-4932-8DB0-085122710D94}.Debug|Any CPU.ActiveCfg = Debug|Any CPU
		{B74BFC09-C37D-4932-8DB0-085122710D94}.Debug|Any CPU.Build.0 = Debug|Any CPU
		{B74BFC09-C37D-4932-8DB0-085122710D94}.Debug|ARM.ActiveCfg = Debug|Any CPU
		{B74BFC09-C37D-4932-8DB0-085122710D94}.Debug|ARM.Build.0 = Debug|Any CPU
		{B74BFC09-C37D-4932-8DB0-085122710D94}.Debug|ARM64.ActiveCfg = Debug|Any CPU
		{B74BFC09-C37D-4932-8DB0-085122710D94}.Debug|ARM64.Build.0 = Debug|Any CPU
		{B74BFC09-C37D-4932-8DB0-085122710D94}.Debug|x64.ActiveCfg = Debug|Any CPU
		{B74BFC09-C37D-4932-8DB0-085122710D94}.Debug|x64.Build.0 = Debug|Any CPU
		{B74BFC09-C37D-4932-8DB0-085122710D94}.Debug|x86.ActiveCfg = Debug|Any CPU
		{B74BFC09-C37D-4932-8DB0-085122710D94}.Debug|x86.Build.0 = Debug|Any CPU
		{B74BFC09-C37D-4932-8DB0-085122710D94}.Release|Any CPU.ActiveCfg = Release|Any CPU
		{B74BFC09-C37D-4932-8DB0-085122710D94}.Release|Any CPU.Build.0 = Release|Any CPU
		{B74BFC09-C37D-4932-8DB0-085122710D94}.Release|ARM.ActiveCfg = Release|Any CPU
		{B74BFC09-C37D-4932-8DB0-085122710D94}.Release|ARM.Build.0 = Release|Any CPU
		{B74BFC09-C37D-4932-8DB0-085122710D94}.Release|ARM64.ActiveCfg = Release|Any CPU
		{B74BFC09-C37D-4932-8DB0-085122710D94}.Release|ARM64.Build.0 = Release|Any CPU
		{B74BFC09-C37D-4932-8DB0-085122710D94}.Release|x64.ActiveCfg = Release|Any CPU
		{B74BFC09-C37D-4932-8DB0-085122710D94}.Release|x64.Build.0 = Release|Any CPU
		{B74BFC09-C37D-4932-8DB0-085122710D94}.Release|x86.ActiveCfg = Release|Any CPU
		{B74BFC09-C37D-4932-8DB0-085122710D94}.Release|x86.Build.0 = Release|Any CPU
		{874B51E8-6EBC-4D3C-8BF8-7F7A41C3A554}.Debug|Any CPU.ActiveCfg = Debug|Any CPU
		{874B51E8-6EBC-4D3C-8BF8-7F7A41C3A554}.Debug|Any CPU.Build.0 = Debug|Any CPU
		{874B51E8-6EBC-4D3C-8BF8-7F7A41C3A554}.Debug|ARM.ActiveCfg = Debug|Any CPU
		{874B51E8-6EBC-4D3C-8BF8-7F7A41C3A554}.Debug|ARM.Build.0 = Debug|Any CPU
		{874B51E8-6EBC-4D3C-8BF8-7F7A41C3A554}.Debug|ARM64.ActiveCfg = Debug|Any CPU
		{874B51E8-6EBC-4D3C-8BF8-7F7A41C3A554}.Debug|ARM64.Build.0 = Debug|Any CPU
		{874B51E8-6EBC-4D3C-8BF8-7F7A41C3A554}.Debug|x64.ActiveCfg = Debug|Any CPU
		{874B51E8-6EBC-4D3C-8BF8-7F7A41C3A554}.Debug|x64.Build.0 = Debug|Any CPU
		{874B51E8-6EBC-4D3C-8BF8-7F7A41C3A554}.Debug|x86.ActiveCfg = Debug|Any CPU
		{874B51E8-6EBC-4D3C-8BF8-7F7A41C3A554}.Debug|x86.Build.0 = Debug|Any CPU
		{874B51E8-6EBC-4D3C-8BF8-7F7A41C3A554}.Release|Any CPU.ActiveCfg = Release|Any CPU
		{874B51E8-6EBC-4D3C-8BF8-7F7A41C3A554}.Release|Any CPU.Build.0 = Release|Any CPU
		{874B51E8-6EBC-4D3C-8BF8-7F7A41C3A554}.Release|ARM.ActiveCfg = Release|Any CPU
		{874B51E8-6EBC-4D3C-8BF8-7F7A41C3A554}.Release|ARM.Build.0 = Release|Any CPU
		{874B51E8-6EBC-4D3C-8BF8-7F7A41C3A554}.Release|ARM64.ActiveCfg = Release|Any CPU
		{874B51E8-6EBC-4D3C-8BF8-7F7A41C3A554}.Release|ARM64.Build.0 = Release|Any CPU
		{874B51E8-6EBC-4D3C-8BF8-7F7A41C3A554}.Release|x64.ActiveCfg = Release|Any CPU
		{874B51E8-6EBC-4D3C-8BF8-7F7A41C3A554}.Release|x64.Build.0 = Release|Any CPU
		{874B51E8-6EBC-4D3C-8BF8-7F7A41C3A554}.Release|x86.ActiveCfg = Release|Any CPU
		{874B51E8-6EBC-4D3C-8BF8-7F7A41C3A554}.Release|x86.Build.0 = Release|Any CPU
		{D53F4854-ACA0-4617-8461-D7D8B6396910}.Debug|Any CPU.ActiveCfg = Debug|Any CPU
		{D53F4854-ACA0-4617-8461-D7D8B6396910}.Debug|Any CPU.Build.0 = Debug|Any CPU
		{D53F4854-ACA0-4617-8461-D7D8B6396910}.Debug|ARM.ActiveCfg = Debug|Any CPU
		{D53F4854-ACA0-4617-8461-D7D8B6396910}.Debug|ARM.Build.0 = Debug|Any CPU
		{D53F4854-ACA0-4617-8461-D7D8B6396910}.Debug|ARM64.ActiveCfg = Debug|Any CPU
		{D53F4854-ACA0-4617-8461-D7D8B6396910}.Debug|ARM64.Build.0 = Debug|Any CPU
		{D53F4854-ACA0-4617-8461-D7D8B6396910}.Debug|x64.ActiveCfg = Debug|Any CPU
		{D53F4854-ACA0-4617-8461-D7D8B6396910}.Debug|x64.Build.0 = Debug|Any CPU
		{D53F4854-ACA0-4617-8461-D7D8B6396910}.Debug|x86.ActiveCfg = Debug|Any CPU
		{D53F4854-ACA0-4617-8461-D7D8B6396910}.Debug|x86.Build.0 = Debug|Any CPU
		{D53F4854-ACA0-4617-8461-D7D8B6396910}.Release|Any CPU.ActiveCfg = Release|Any CPU
		{D53F4854-ACA0-4617-8461-D7D8B6396910}.Release|Any CPU.Build.0 = Release|Any CPU
		{D53F4854-ACA0-4617-8461-D7D8B6396910}.Release|ARM.ActiveCfg = Release|Any CPU
		{D53F4854-ACA0-4617-8461-D7D8B6396910}.Release|ARM.Build.0 = Release|Any CPU
		{D53F4854-ACA0-4617-8461-D7D8B6396910}.Release|ARM64.ActiveCfg = Release|Any CPU
		{D53F4854-ACA0-4617-8461-D7D8B6396910}.Release|ARM64.Build.0 = Release|Any CPU
		{D53F4854-ACA0-4617-8461-D7D8B6396910}.Release|x64.ActiveCfg = Release|Any CPU
		{D53F4854-ACA0-4617-8461-D7D8B6396910}.Release|x64.Build.0 = Release|Any CPU
		{D53F4854-ACA0-4617-8461-D7D8B6396910}.Release|x86.ActiveCfg = Release|Any CPU
		{D53F4854-ACA0-4617-8461-D7D8B6396910}.Release|x86.Build.0 = Release|Any CPU
	EndGlobalSection
	GlobalSection(SolutionProperties) = preSolution
		HideSolutionNode = FALSE
	EndGlobalSection
	GlobalSection(ExtensibilityGlobals) = postSolution
		SolutionGuid = {51EF78CC-C712-45BE-9F93-75AC41BE5CF5}
	EndGlobalSection
EndGlobal
